
Microsoft Visual Studio Solution File, Format Version 12.00
# Visual Studio Version 17
VisualStudioVersion = 17.6.33829.357
MinimumVisualStudioVersion = 10.0.40219.1
Project("{FAE04EC0-301F-11D3-BF4B-00C04F79EFBC}") = "Repetition", "Repetition\Repetition.csproj", "{16455C00-0585-479D-8BB0-CB10BCE3E438}"
EndProject
Project("{FAE04EC0-301F-11D3-BF4B-00C04F79EFBC}") = "Recursion", "Recursion\Recursion.csproj", "{09681155-BA9E-4CE6-B214-7B6EE5ADB535}"
EndProject
Project("{FAE04EC0-301F-11D3-BF4B-00C04F79EFBC}") = "SearchFOrUniqueWords", "SearchFOrUniqueWords\SearchFOrUniqueWords.csproj", "{91A57C61-6D86-47E7-BF6E-50F580A6E210}"
EndProject
Project("{FAE04EC0-301F-11D3-BF4B-00C04F79EFBC}") = "TestStaticMethods", "TestStaticMethods\TestStaticMethods.csproj", "{B430C00F-B133-406C-B896-D9C509BFB8BD}"
EndProject
Project("{FAE04EC0-301F-11D3-BF4B-00C04F79EFBC}") = "TasksByMethods", "TasksByMethods\TasksByMethods.csproj", "{1906F8C3-25E7-4404-BAA0-7F7869AB2200}"
EndProject
Project("{FAE04EC0-301F-11D3-BF4B-00C04F79EFBC}") = "The Safe of the Pilot Brothers", "The Safe of the Pilot Brothers\The Safe of the Pilot Brothers.csproj", "{41147083-023A-4074-9DBB-3954A2DE8AA3}"
EndProject
Project("{FAE04EC0-301F-11D3-BF4B-00C04F79EFBC}") = "TRhe Safe of The Pilot Brothers 2", "TRhe Safe of The Pilot Brothers 2\TRhe Safe of The Pilot Brothers 2.csproj", "{BACCE10F-10F9-4901-A370-BC65B2E400D5}"
EndProject
Project("{FAE04EC0-301F-11D3-BF4B-00C04F79EFBC}") = "ConsoleApp1", "ConsoleApp1\ConsoleApp1.csproj", "{B6B90FBF-F96F-468D-95CF-A2E5BF14EA1A}"
EndProject
Project("{FAE04EC0-301F-11D3-BF4B-00C04F79EFBC}") = "UnitTest", "UnitTest\UnitTest.csproj", "{2C5B08C2-0F20-4161-BD57-F5FF7759EE37}"
EndProject
Project("{FAE04EC0-301F-11D3-BF4B-00C04F79EFBC}") = "SubAandBЕTest", "SubAandBЕTest\SubAandBЕTest.csproj", "{4FB5AD5C-9B92-45B3-891A-C4F0851D892E}"
EndProject
Project("{FAE04EC0-301F-11D3-BF4B-00C04F79EFBC}") = "SumAB", "SumAB\SumAB.csproj", "{D51A74CB-969F-41F1-8E00-46FFFBAFA694}"
EndProject
Project("{FAE04EC0-301F-11D3-BF4B-00C04F79EFBC}") = "Wallet", "Wallet\Wallet.csproj", "{45836E42-7D6A-46D2-BA2F-5C29B5E55E48}"
EndProject
Project("{FAE04EC0-301F-11D3-BF4B-00C04F79EFBC}") = "Person", "Person\Person.csproj", "{9F7DCD12-7B29-4015-98B6-5414AE5B9849}"
EndProject
Project("{2150E333-8FDC-42A3-9474-1A3956D46DE8}") = "OOP", "OOP", "{C52FC485-662F-4F7A-92B5-7981A3A4231E}"
EndProject
Project("{FAE04EC0-301F-11D3-BF4B-00C04F79EFBC}") = "Laptop", "Laptop\Laptop.csproj", "{41EA736F-664C-40D9-840E-405228D7EDF4}"
EndProject
Project("{FAE04EC0-301F-11D3-BF4B-00C04F79EFBC}") = "Table", "Table\Table.csproj", "{02B66132-FB57-44FC-8C69-CBF470E4B310}"
EndProject
Project("{FAE04EC0-301F-11D3-BF4B-00C04F79EFBC}") = "Lamp", "Lamp\Lamp.csproj", "{3B505EB9-3C5C-4818-B81F-DDA685AADFC7}"
EndProject
Project("{FAE04EC0-301F-11D3-BF4B-00C04F79EFBC}") = "Book", "Book\Book.csproj", "{502D7E76-7278-4BA8-980A-39AE9D77159E}"
EndProject
Project("{FAE04EC0-301F-11D3-BF4B-00C04F79EFBC}") = "Shelf of books", "Shelf of books\Shelf of books.csproj", "{B4BB30D9-425F-41AD-89B7-1FB5C75C57B9}"
EndProject
Project("{FAE04EC0-301F-11D3-BF4B-00C04F79EFBC}") = "Assemble the laptop. Processor", "Assemble the laptop. Processor\Assemble the laptop. Processor.csproj", "{82A4ADCB-E9F0-4073-A79C-D6D7F117800A}"
EndProject
Project("{FAE04EC0-301F-11D3-BF4B-00C04F79EFBC}") = "Assemble the laptop. Hard drive", "Assemble the laptop. Hard drive\Assemble the laptop. Hard drive.csproj", "{2408708C-12E3-4E93-BFAC-A7F42BB3F084}"
EndProject
Project("{FAE04EC0-301F-11D3-BF4B-00C04F79EFBC}") = "What is in the laptop", "What is in the laptop\What is in the laptop.csproj", "{FD946677-0A2C-43F2-BC4F-D57F8AB53791}"
EndProject
Project("{FAE04EC0-301F-11D3-BF4B-00C04F79EFBC}") = "Replacing the processor", "Replacing the processor\Replacing the processor.csproj", "{383E4794-02DB-42EF-AFD9-5EBA6AE1DCEA}"
EndProject
Project("{FAE04EC0-301F-11D3-BF4B-00C04F79EFBC}") = "MyRoom", "MyRoom\MyRoom.csproj", "{D8F85A95-DABE-49EE-A531-5CA035DCA0C4}"
EndProject
Project("{FAE04EC0-301F-11D3-BF4B-00C04F79EFBC}") = "TestOOP", "TestOOP\TestOOP.csproj", "{9F821EAF-5D46-488E-93E4-829D8883ED61}"
EndProject
Project("{FAE04EC0-301F-11D3-BF4B-00C04F79EFBC}") = "TestOOP1", "TestOOP1\TestOOP1.csproj", "{B723473A-5659-407A-8F4D-2EB6E04894F2}"
EndProject
Project("{2150E333-8FDC-42A3-9474-1A3956D46DE8}") = "Algorithms and data structures", "Algorithms and data structures", "{B80035FE-3758-4D79-B1E7-225038000D69}"
EndProject
Project("{FAE04EC0-301F-11D3-BF4B-00C04F79EFBC}") = "SearchForThreeMaximumElements", "SearchForThreeMaximumElements\SearchForThreeMaximumElements.csproj", "{63382086-E93C-4C9A-BEC3-84741B225188}"
EndProject
Global
	GlobalSection(SolutionConfigurationPlatforms) = preSolution
		Debug|Any CPU = Debug|Any CPU
		Release|Any CPU = Release|Any CPU
	EndGlobalSection
	GlobalSection(ProjectConfigurationPlatforms) = postSolution
		{16455C00-0585-479D-8BB0-CB10BCE3E438}.Debug|Any CPU.ActiveCfg = Debug|Any CPU
		{16455C00-0585-479D-8BB0-CB10BCE3E438}.Debug|Any CPU.Build.0 = Debug|Any CPU
		{16455C00-0585-479D-8BB0-CB10BCE3E438}.Release|Any CPU.ActiveCfg = Release|Any CPU
		{16455C00-0585-479D-8BB0-CB10BCE3E438}.Release|Any CPU.Build.0 = Release|Any CPU
		{09681155-BA9E-4CE6-B214-7B6EE5ADB535}.Debug|Any CPU.ActiveCfg = Debug|Any CPU
		{09681155-BA9E-4CE6-B214-7B6EE5ADB535}.Debug|Any CPU.Build.0 = Debug|Any CPU
		{09681155-BA9E-4CE6-B214-7B6EE5ADB535}.Release|Any CPU.ActiveCfg = Release|Any CPU
		{09681155-BA9E-4CE6-B214-7B6EE5ADB535}.Release|Any CPU.Build.0 = Release|Any CPU
		{91A57C61-6D86-47E7-BF6E-50F580A6E210}.Debug|Any CPU.ActiveCfg = Debug|Any CPU
		{91A57C61-6D86-47E7-BF6E-50F580A6E210}.Debug|Any CPU.Build.0 = Debug|Any CPU
		{91A57C61-6D86-47E7-BF6E-50F580A6E210}.Release|Any CPU.ActiveCfg = Release|Any CPU
		{91A57C61-6D86-47E7-BF6E-50F580A6E210}.Release|Any CPU.Build.0 = Release|Any CPU
		{B430C00F-B133-406C-B896-D9C509BFB8BD}.Debug|Any CPU.ActiveCfg = Debug|Any CPU
		{B430C00F-B133-406C-B896-D9C509BFB8BD}.Debug|Any CPU.Build.0 = Debug|Any CPU
		{B430C00F-B133-406C-B896-D9C509BFB8BD}.Release|Any CPU.ActiveCfg = Release|Any CPU
		{B430C00F-B133-406C-B896-D9C509BFB8BD}.Release|Any CPU.Build.0 = Release|Any CPU
		{1906F8C3-25E7-4404-BAA0-7F7869AB2200}.Debug|Any CPU.ActiveCfg = Debug|Any CPU
		{1906F8C3-25E7-4404-BAA0-7F7869AB2200}.Debug|Any CPU.Build.0 = Debug|Any CPU
		{1906F8C3-25E7-4404-BAA0-7F7869AB2200}.Release|Any CPU.ActiveCfg = Release|Any CPU
		{1906F8C3-25E7-4404-BAA0-7F7869AB2200}.Release|Any CPU.Build.0 = Release|Any CPU
		{41147083-023A-4074-9DBB-3954A2DE8AA3}.Debug|Any CPU.ActiveCfg = Debug|Any CPU
		{41147083-023A-4074-9DBB-3954A2DE8AA3}.Debug|Any CPU.Build.0 = Debug|Any CPU
		{41147083-023A-4074-9DBB-3954A2DE8AA3}.Release|Any CPU.ActiveCfg = Release|Any CPU
		{41147083-023A-4074-9DBB-3954A2DE8AA3}.Release|Any CPU.Build.0 = Release|Any CPU
		{BACCE10F-10F9-4901-A370-BC65B2E400D5}.Debug|Any CPU.ActiveCfg = Debug|Any CPU
		{BACCE10F-10F9-4901-A370-BC65B2E400D5}.Debug|Any CPU.Build.0 = Debug|Any CPU
		{BACCE10F-10F9-4901-A370-BC65B2E400D5}.Release|Any CPU.ActiveCfg = Release|Any CPU
		{BACCE10F-10F9-4901-A370-BC65B2E400D5}.Release|Any CPU.Build.0 = Release|Any CPU
		{B6B90FBF-F96F-468D-95CF-A2E5BF14EA1A}.Debug|Any CPU.ActiveCfg = Debug|Any CPU
		{B6B90FBF-F96F-468D-95CF-A2E5BF14EA1A}.Debug|Any CPU.Build.0 = Debug|Any CPU
		{B6B90FBF-F96F-468D-95CF-A2E5BF14EA1A}.Release|Any CPU.ActiveCfg = Release|Any CPU
		{B6B90FBF-F96F-468D-95CF-A2E5BF14EA1A}.Release|Any CPU.Build.0 = Release|Any CPU
		{2C5B08C2-0F20-4161-BD57-F5FF7759EE37}.Debug|Any CPU.ActiveCfg = Debug|Any CPU
		{2C5B08C2-0F20-4161-BD57-F5FF7759EE37}.Debug|Any CPU.Build.0 = Debug|Any CPU
		{2C5B08C2-0F20-4161-BD57-F5FF7759EE37}.Release|Any CPU.ActiveCfg = Release|Any CPU
		{2C5B08C2-0F20-4161-BD57-F5FF7759EE37}.Release|Any CPU.Build.0 = Release|Any CPU
		{4FB5AD5C-9B92-45B3-891A-C4F0851D892E}.Debug|Any CPU.ActiveCfg = Debug|Any CPU
		{4FB5AD5C-9B92-45B3-891A-C4F0851D892E}.Debug|Any CPU.Build.0 = Debug|Any CPU
		{4FB5AD5C-9B92-45B3-891A-C4F0851D892E}.Release|Any CPU.ActiveCfg = Release|Any CPU
		{4FB5AD5C-9B92-45B3-891A-C4F0851D892E}.Release|Any CPU.Build.0 = Release|Any CPU
		{D51A74CB-969F-41F1-8E00-46FFFBAFA694}.Debug|Any CPU.ActiveCfg = Debug|Any CPU
		{D51A74CB-969F-41F1-8E00-46FFFBAFA694}.Debug|Any CPU.Build.0 = Debug|Any CPU
		{D51A74CB-969F-41F1-8E00-46FFFBAFA694}.Release|Any CPU.ActiveCfg = Release|Any CPU
		{D51A74CB-969F-41F1-8E00-46FFFBAFA694}.Release|Any CPU.Build.0 = Release|Any CPU
		{45836E42-7D6A-46D2-BA2F-5C29B5E55E48}.Debug|Any CPU.ActiveCfg = Debug|Any CPU
		{45836E42-7D6A-46D2-BA2F-5C29B5E55E48}.Debug|Any CPU.Build.0 = Debug|Any CPU
		{45836E42-7D6A-46D2-BA2F-5C29B5E55E48}.Release|Any CPU.ActiveCfg = Release|Any CPU
		{45836E42-7D6A-46D2-BA2F-5C29B5E55E48}.Release|Any CPU.Build.0 = Release|Any CPU
		{9F7DCD12-7B29-4015-98B6-5414AE5B9849}.Debug|Any CPU.ActiveCfg = Debug|Any CPU
		{9F7DCD12-7B29-4015-98B6-5414AE5B9849}.Debug|Any CPU.Build.0 = Debug|Any CPU
		{9F7DCD12-7B29-4015-98B6-5414AE5B9849}.Release|Any CPU.ActiveCfg = Release|Any CPU
		{9F7DCD12-7B29-4015-98B6-5414AE5B9849}.Release|Any CPU.Build.0 = Release|Any CPU
		{41EA736F-664C-40D9-840E-405228D7EDF4}.Debug|Any CPU.ActiveCfg = Debug|Any CPU
		{41EA736F-664C-40D9-840E-405228D7EDF4}.Debug|Any CPU.Build.0 = Debug|Any CPU
		{41EA736F-664C-40D9-840E-405228D7EDF4}.Release|Any CPU.ActiveCfg = Release|Any CPU
		{41EA736F-664C-40D9-840E-405228D7EDF4}.Release|Any CPU.Build.0 = Release|Any CPU
		{02B66132-FB57-44FC-8C69-CBF470E4B310}.Debug|Any CPU.ActiveCfg = Debug|Any CPU
		{02B66132-FB57-44FC-8C69-CBF470E4B310}.Debug|Any CPU.Build.0 = Debug|Any CPU
		{02B66132-FB57-44FC-8C69-CBF470E4B310}.Release|Any CPU.ActiveCfg = Release|Any CPU
		{02B66132-FB57-44FC-8C69-CBF470E4B310}.Release|Any CPU.Build.0 = Release|Any CPU
		{3B505EB9-3C5C-4818-B81F-DDA685AADFC7}.Debug|Any CPU.ActiveCfg = Debug|Any CPU
		{3B505EB9-3C5C-4818-B81F-DDA685AADFC7}.Debug|Any CPU.Build.0 = Debug|Any CPU
		{3B505EB9-3C5C-4818-B81F-DDA685AADFC7}.Release|Any CPU.ActiveCfg = Release|Any CPU
		{3B505EB9-3C5C-4818-B81F-DDA685AADFC7}.Release|Any CPU.Build.0 = Release|Any CPU
		{502D7E76-7278-4BA8-980A-39AE9D77159E}.Debug|Any CPU.ActiveCfg = Debug|Any CPU
		{502D7E76-7278-4BA8-980A-39AE9D77159E}.Debug|Any CPU.Build.0 = Debug|Any CPU
		{502D7E76-7278-4BA8-980A-39AE9D77159E}.Release|Any CPU.ActiveCfg = Release|Any CPU
		{502D7E76-7278-4BA8-980A-39AE9D77159E}.Release|Any CPU.Build.0 = Release|Any CPU
		{B4BB30D9-425F-41AD-89B7-1FB5C75C57B9}.Debug|Any CPU.ActiveCfg = Debug|Any CPU
		{B4BB30D9-425F-41AD-89B7-1FB5C75C57B9}.Debug|Any CPU.Build.0 = Debug|Any CPU
		{B4BB30D9-425F-41AD-89B7-1FB5C75C57B9}.Release|Any CPU.ActiveCfg = Release|Any CPU
		{B4BB30D9-425F-41AD-89B7-1FB5C75C57B9}.Release|Any CPU.Build.0 = Release|Any CPU
		{82A4ADCB-E9F0-4073-A79C-D6D7F117800A}.Debug|Any CPU.ActiveCfg = Debug|Any CPU
		{82A4ADCB-E9F0-4073-A79C-D6D7F117800A}.Debug|Any CPU.Build.0 = Debug|Any CPU
		{82A4ADCB-E9F0-4073-A79C-D6D7F117800A}.Release|Any CPU.ActiveCfg = Release|Any CPU
		{82A4ADCB-E9F0-4073-A79C-D6D7F117800A}.Release|Any CPU.Build.0 = Release|Any CPU
		{2408708C-12E3-4E93-BFAC-A7F42BB3F084}.Debug|Any CPU.ActiveCfg = Debug|Any CPU
		{2408708C-12E3-4E93-BFAC-A7F42BB3F084}.Debug|Any CPU.Build.0 = Debug|Any CPU
		{2408708C-12E3-4E93-BFAC-A7F42BB3F084}.Release|Any CPU.ActiveCfg = Release|Any CPU
		{2408708C-12E3-4E93-BFAC-A7F42BB3F084}.Release|Any CPU.Build.0 = Release|Any CPU
		{FD946677-0A2C-43F2-BC4F-D57F8AB53791}.Debug|Any CPU.ActiveCfg = Debug|Any CPU
		{FD946677-0A2C-43F2-BC4F-D57F8AB53791}.Debug|Any CPU.Build.0 = Debug|Any CPU
		{FD946677-0A2C-43F2-BC4F-D57F8AB53791}.Release|Any CPU.ActiveCfg = Release|Any CPU
		{FD946677-0A2C-43F2-BC4F-D57F8AB53791}.Release|Any CPU.Build.0 = Release|Any CPU
		{383E4794-02DB-42EF-AFD9-5EBA6AE1DCEA}.Debug|Any CPU.ActiveCfg = Debug|Any CPU
		{383E4794-02DB-42EF-AFD9-5EBA6AE1DCEA}.Debug|Any CPU.Build.0 = Debug|Any CPU
		{383E4794-02DB-42EF-AFD9-5EBA6AE1DCEA}.Release|Any CPU.ActiveCfg = Release|Any CPU
		{383E4794-02DB-42EF-AFD9-5EBA6AE1DCEA}.Release|Any CPU.Build.0 = Release|Any CPU
		{D8F85A95-DABE-49EE-A531-5CA035DCA0C4}.Debug|Any CPU.ActiveCfg = Debug|Any CPU
		{D8F85A95-DABE-49EE-A531-5CA035DCA0C4}.Debug|Any CPU.Build.0 = Debug|Any CPU
		{D8F85A95-DABE-49EE-A531-5CA035DCA0C4}.Release|Any CPU.ActiveCfg = Release|Any CPU
		{D8F85A95-DABE-49EE-A531-5CA035DCA0C4}.Release|Any CPU.Build.0 = Release|Any CPU
		{9F821EAF-5D46-488E-93E4-829D8883ED61}.Debug|Any CPU.ActiveCfg = Debug|Any CPU
		{9F821EAF-5D46-488E-93E4-829D8883ED61}.Debug|Any CPU.Build.0 = Debug|Any CPU
		{9F821EAF-5D46-488E-93E4-829D8883ED61}.Release|Any CPU.ActiveCfg = Release|Any CPU
		{9F821EAF-5D46-488E-93E4-829D8883ED61}.Release|Any CPU.Build.0 = Release|Any CPU
		{B723473A-5659-407A-8F4D-2EB6E04894F2}.Debug|Any CPU.ActiveCfg = Debug|Any CPU
		{B723473A-5659-407A-8F4D-2EB6E04894F2}.Debug|Any CPU.Build.0 = Debug|Any CPU
		{B723473A-5659-407A-8F4D-2EB6E04894F2}.Release|Any CPU.ActiveCfg = Release|Any CPU
		{B723473A-5659-407A-8F4D-2EB6E04894F2}.Release|Any CPU.Build.0 = Release|Any CPU
		{63382086-E93C-4C9A-BEC3-84741B225188}.Debug|Any CPU.ActiveCfg = Debug|Any CPU
		{63382086-E93C-4C9A-BEC3-84741B225188}.Debug|Any CPU.Build.0 = Debug|Any CPU
		{63382086-E93C-4C9A-BEC3-84741B225188}.Release|Any CPU.ActiveCfg = Release|Any CPU
		{63382086-E93C-4C9A-BEC3-84741B225188}.Release|Any CPU.Build.0 = Release|Any CPU
	EndGlobalSection
	GlobalSection(SolutionProperties) = preSolution
		HideSolutionNode = FALSE
	EndGlobalSection
	GlobalSection(ExtensibilityGlobals) = postSolution
		SolutionGuid = {61824EFF-FE80-4C5B-9825-51B63507B2BD}
	EndGlobalSection
	GlobalSection(NestedProjects) = preSolution
		{41EA736F-664C-40D9-840E-405228D7EDF4} = {C52FC485-662F-4F7A-92B5-7981A3A4231E}
		{02B66132-FB57-44FC-8C69-CBF470E4B310} = {C52FC485-662F-4F7A-92B5-7981A3A4231E}
		{3B505EB9-3C5C-4818-B81F-DDA685AADFC7} = {C52FC485-662F-4F7A-92B5-7981A3A4231E}
		{502D7E76-7278-4BA8-980A-39AE9D77159E} = {C52FC485-662F-4F7A-92B5-7981A3A4231E}
		{B4BB30D9-425F-41AD-89B7-1FB5C75C57B9} = {C52FC485-662F-4F7A-92B5-7981A3A4231E}
		{82A4ADCB-E9F0-4073-A79C-D6D7F117800A} = {C52FC485-662F-4F7A-92B5-7981A3A4231E}
		{2408708C-12E3-4E93-BFAC-A7F42BB3F084} = {C52FC485-662F-4F7A-92B5-7981A3A4231E}
		{FD946677-0A2C-43F2-BC4F-D57F8AB53791} = {C52FC485-662F-4F7A-92B5-7981A3A4231E}
		{383E4794-02DB-42EF-AFD9-5EBA6AE1DCEA} = {C52FC485-662F-4F7A-92B5-7981A3A4231E}
		{D8F85A95-DABE-49EE-A531-5CA035DCA0C4} = {C52FC485-662F-4F7A-92B5-7981A3A4231E}
		{9F821EAF-5D46-488E-93E4-829D8883ED61} = {C52FC485-662F-4F7A-92B5-7981A3A4231E}
		{63382086-E93C-4C9A-BEC3-84741B225188} = {B80035FE-3758-4D79-B1E7-225038000D69}
	EndGlobalSection
EndGlobal
